// !$*UTF8*$!
{
	archiveVersion = 1;
	classes = {
	};
	objectVersion = 55;
	objects = {

/* Begin PBXBuildFile section */
		27A08929F3C2D248731CBA0D /* Pods_PlayZone.framework in Frameworks */ = {isa = PBXBuildFile; fileRef = 9AB5D50881EA11DDBF97EEB7 /* Pods_PlayZone.framework */; };
		8603995D28D5BC8700AF1096 /* NSMutableAttributedString + Ext.swift in Sources */ = {isa = PBXBuildFile; fileRef = 8603995C28D5BC8700AF1096 /* NSMutableAttributedString + Ext.swift */; };
		8603996028D5C44400AF1096 /* CreateAccountViewController.swift in Sources */ = {isa = PBXBuildFile; fileRef = 8603995F28D5C44400AF1096 /* CreateAccountViewController.swift */; };
		8603996628D5C48900AF1096 /* CreateAccountView.swift in Sources */ = {isa = PBXBuildFile; fileRef = 8603996528D5C48900AF1096 /* CreateAccountView.swift */; };
		8603996828D5CC1E00AF1096 /* UINavigationController + Ext.swift in Sources */ = {isa = PBXBuildFile; fileRef = 8603996728D5CC1E00AF1096 /* UINavigationController + Ext.swift */; };
		8604E91228D5EE2D00C53228 /* ForgetPasswordView.swift in Sources */ = {isa = PBXBuildFile; fileRef = 8604E91128D5EE2D00C53228 /* ForgetPasswordView.swift */; };
		8604E91428D5EE4400C53228 /* ForgetPasswordViewController.swift in Sources */ = {isa = PBXBuildFile; fileRef = 8604E91328D5EE4400C53228 /* ForgetPasswordViewController.swift */; };
		8604E92128D5F3E400C53228 /* ChooseCategoriesViewController.swift in Sources */ = {isa = PBXBuildFile; fileRef = 8604E92028D5F3E400C53228 /* ChooseCategoriesViewController.swift */; };
		8604E92328D5F40200C53228 /* ChooseCategoriesView.swift in Sources */ = {isa = PBXBuildFile; fileRef = 8604E92228D5F40200C53228 /* ChooseCategoriesView.swift */; };
		861B7E6228D4F19D00D9E9E9 /* SKModernistFonts.swift in Sources */ = {isa = PBXBuildFile; fileRef = 861B7E6128D4F19D00D9E9E9 /* SKModernistFonts.swift */; };
		861B7E6428D4F45400D9E9E9 /* PlayZoneTextField.swift in Sources */ = {isa = PBXBuildFile; fileRef = 861B7E6328D4F45400D9E9E9 /* PlayZoneTextField.swift */; };
		861B7E6628D4F56500D9E9E9 /* String + Ext.swift in Sources */ = {isa = PBXBuildFile; fileRef = 861B7E6528D4F56500D9E9E9 /* String + Ext.swift */; };
		861B7E6928D4FF1F00D9E9E9 /* LoginViewController.swift in Sources */ = {isa = PBXBuildFile; fileRef = 861B7E6828D4FF1F00D9E9E9 /* LoginViewController.swift */; };
		861B7E6C28D4FF4B00D9E9E9 /* LoginView.swift in Sources */ = {isa = PBXBuildFile; fileRef = 861B7E6B28D4FF4B00D9E9E9 /* LoginView.swift */; };
		86616DF128D4CBDC00C66C49 /* UIViewController + Ext.swift in Sources */ = {isa = PBXBuildFile; fileRef = 86616DF028D4CBDC00C66C49 /* UIViewController + Ext.swift */; };
		86616DF528D4CC8200C66C49 /* UIButton + Ext.swift in Sources */ = {isa = PBXBuildFile; fileRef = 86616DF428D4CC8200C66C49 /* UIButton + Ext.swift */; };
		86616DF728D4CE0700C66C49 /* ReusableView.swift in Sources */ = {isa = PBXBuildFile; fileRef = 86616DF628D4CE0700C66C49 /* ReusableView.swift */; };
		86616DFA28D4D0E100C66C49 /* OnboardingModel.swift in Sources */ = {isa = PBXBuildFile; fileRef = 86616DF928D4D0E100C66C49 /* OnboardingModel.swift */; };
		86616DFC28D4D16600C66C49 /* UIImage + Ext.swift in Sources */ = {isa = PBXBuildFile; fileRef = 86616DFB28D4D16600C66C49 /* UIImage + Ext.swift */; };
		86616E0028D4D2B300C66C49 /* OnboardingViewModel.swift in Sources */ = {isa = PBXBuildFile; fileRef = 86616DFF28D4D2B300C66C49 /* OnboardingViewModel.swift */; };
		86616E0228D4DAD500C66C49 /* UICollectionView + Ext.swift in Sources */ = {isa = PBXBuildFile; fileRef = 86616E0128D4DAD500C66C49 /* UICollectionView + Ext.swift */; };
		866B0FA028D60FC50083A1A4 /* GoogleService-Info.plist in Resources */ = {isa = PBXBuildFile; fileRef = 866B0F9F28D60FC50083A1A4 /* GoogleService-Info.plist */; };
		866E8F8C28D5A7F10068CED9 /* GoogleButton.swift in Sources */ = {isa = PBXBuildFile; fileRef = 866E8F8B28D5A7F10068CED9 /* GoogleButton.swift */; };
		867510FA28D5D14A003861C9 /* UserDefaults + Ext.swift in Sources */ = {isa = PBXBuildFile; fileRef = 867510F928D5D14A003861C9 /* UserDefaults + Ext.swift */; };
		867510FC28D5D2F0003861C9 /* StartBuilder.swift in Sources */ = {isa = PBXBuildFile; fileRef = 867510FB28D5D2F0003861C9 /* StartBuilder.swift */; };
		868E15BF28D395E200BAB45A /* AppDelegate.swift in Sources */ = {isa = PBXBuildFile; fileRef = 868E15BE28D395E200BAB45A /* AppDelegate.swift */; };
		868E15C128D395E200BAB45A /* SceneDelegate.swift in Sources */ = {isa = PBXBuildFile; fileRef = 868E15C028D395E200BAB45A /* SceneDelegate.swift */; };
		868E15C328D395E200BAB45A /* OnboardingViewController.swift in Sources */ = {isa = PBXBuildFile; fileRef = 868E15C228D395E200BAB45A /* OnboardingViewController.swift */; };
		868E15C828D395E300BAB45A /* Assets.xcassets in Resources */ = {isa = PBXBuildFile; fileRef = 868E15C728D395E300BAB45A /* Assets.xcassets */; };
		868E15CB28D395E300BAB45A /* LaunchScreen.storyboard in Resources */ = {isa = PBXBuildFile; fileRef = 868E15C928D395E300BAB45A /* LaunchScreen.storyboard */; };
		869344A228D5E09800DCF535 /* credentials.plist in Resources */ = {isa = PBXBuildFile; fileRef = 869344A128D5E09800DCF535 /* credentials.plist */; };
		869D7B4A28D61500006DF257 /* LoginViewModel.swift in Sources */ = {isa = PBXBuildFile; fileRef = 869D7B4928D61500006DF257 /* LoginViewModel.swift */; };
		869D7B4E28D61EEE006DF257 /* CreateAccountViewModel.swift in Sources */ = {isa = PBXBuildFile; fileRef = 869D7B4D28D61EEE006DF257 /* CreateAccountViewModel.swift */; };
		869D7B5028D6223B006DF257 /* AlertViewController.swift in Sources */ = {isa = PBXBuildFile; fileRef = 869D7B4F28D6223B006DF257 /* AlertViewController.swift */; };
		86B27A2C28D454FD003895DA /* MainViewProtocol.swift in Sources */ = {isa = PBXBuildFile; fileRef = 86B27A2B28D454FD003895DA /* MainViewProtocol.swift */; };
		86B27A2F28D455C2003895DA /* BaseView.swift in Sources */ = {isa = PBXBuildFile; fileRef = 86B27A2E28D455C2003895DA /* BaseView.swift */; };
		86B27A3128D45658003895DA /* OnboardingView.swift in Sources */ = {isa = PBXBuildFile; fileRef = 86B27A3028D45658003895DA /* OnboardingView.swift */; };
		86B27A3328D4567B003895DA /* UIColor + Ext.swift in Sources */ = {isa = PBXBuildFile; fileRef = 86B27A3228D4567B003895DA /* UIColor + Ext.swift */; };
		86B27A3528D46D97003895DA /* AppColors.swift in Sources */ = {isa = PBXBuildFile; fileRef = 86B27A3428D46D97003895DA /* AppColors.swift */; };
		86B27A3728D46E96003895DA /* UIView + Ext.swift in Sources */ = {isa = PBXBuildFile; fileRef = 86B27A3628D46E96003895DA /* UIView + Ext.swift */; };
		86B27A3A28D46F3B003895DA /* PlayZoneButton.swift in Sources */ = {isa = PBXBuildFile; fileRef = 86B27A3928D46F3B003895DA /* PlayZoneButton.swift */; };
		86B27A3C28D49C39003895DA /* Uzum.swift in Sources */ = {isa = PBXBuildFile; fileRef = 86B27A3B28D49C39003895DA /* Uzum.swift */; };
		86B27A3F28D4A08E003895DA /* OnboardingCollectionViewCell.swift in Sources */ = {isa = PBXBuildFile; fileRef = 86B27A3E28D4A08E003895DA /* OnboardingCollectionViewCell.swift */; };
		86B27A4128D4A349003895DA /* DefaultImageView.swift in Sources */ = {isa = PBXBuildFile; fileRef = 86B27A4028D4A349003895DA /* DefaultImageView.swift */; };
		86B27A4328D4A5EB003895DA /* Label.swift in Sources */ = {isa = PBXBuildFile; fileRef = 86B27A4228D4A5EB003895DA /* Label.swift */; };
		86B27A4528D4A78B003895DA /* LoadingViewProtocol.swift in Sources */ = {isa = PBXBuildFile; fileRef = 86B27A4428D4A78B003895DA /* LoadingViewProtocol.swift */; };
		86BCB8AB28D62ABD00C3CD3C /* ForgetPasswordViewModel.swift in Sources */ = {isa = PBXBuildFile; fileRef = 86BCB8AA28D62ABD00C3CD3C /* ForgetPasswordViewModel.swift */; };
		86DB321A28D642C900E6D7E6 /* Sk-Modernist-Mono.otf in Resources */ = {isa = PBXBuildFile; fileRef = 864B363428D63FBC004DB852 /* Sk-Modernist-Mono.otf */; };
		86DB321B28D642C900E6D7E6 /* Sk-Modernist-Regular.otf in Resources */ = {isa = PBXBuildFile; fileRef = 864B363328D63FBC004DB852 /* Sk-Modernist-Regular.otf */; };
		86DB321C28D642C900E6D7E6 /* Sk-Modernist-Bold.otf in Resources */ = {isa = PBXBuildFile; fileRef = 864B363228D63FBB004DB852 /* Sk-Modernist-Bold.otf */; };
/* End PBXBuildFile section */

/* Begin PBXFileReference section */
		1B9193AD08600BF9686A59FD /* Pods-PlayZone.debug.xcconfig */ = {isa = PBXFileReference; includeInIndex = 1; lastKnownFileType = text.xcconfig; name = "Pods-PlayZone.debug.xcconfig"; path = "Target Support Files/Pods-PlayZone/Pods-PlayZone.debug.xcconfig"; sourceTree = "<group>"; };
		8603995C28D5BC8700AF1096 /* NSMutableAttributedString + Ext.swift */ = {isa = PBXFileReference; lastKnownFileType = sourcecode.swift; path = "NSMutableAttributedString + Ext.swift"; sourceTree = "<group>"; };
		8603995F28D5C44400AF1096 /* CreateAccountViewController.swift */ = {isa = PBXFileReference; lastKnownFileType = sourcecode.swift; path = CreateAccountViewController.swift; sourceTree = "<group>"; };
		8603996528D5C48900AF1096 /* CreateAccountView.swift */ = {isa = PBXFileReference; lastKnownFileType = sourcecode.swift; path = CreateAccountView.swift; sourceTree = "<group>"; };
		8603996728D5CC1E00AF1096 /* UINavigationController + Ext.swift */ = {isa = PBXFileReference; lastKnownFileType = sourcecode.swift; path = "UINavigationController + Ext.swift"; sourceTree = "<group>"; };
		8604E91128D5EE2D00C53228 /* ForgetPasswordView.swift */ = {isa = PBXFileReference; lastKnownFileType = sourcecode.swift; path = ForgetPasswordView.swift; sourceTree = "<group>"; };
		8604E91328D5EE4400C53228 /* ForgetPasswordViewController.swift */ = {isa = PBXFileReference; lastKnownFileType = sourcecode.swift; path = ForgetPasswordViewController.swift; sourceTree = "<group>"; };
		8604E92028D5F3E400C53228 /* ChooseCategoriesViewController.swift */ = {isa = PBXFileReference; lastKnownFileType = sourcecode.swift; path = ChooseCategoriesViewController.swift; sourceTree = "<group>"; };
		8604E92228D5F40200C53228 /* ChooseCategoriesView.swift */ = {isa = PBXFileReference; lastKnownFileType = sourcecode.swift; path = ChooseCategoriesView.swift; sourceTree = "<group>"; };
		861B7E6128D4F19D00D9E9E9 /* SKModernistFonts.swift */ = {isa = PBXFileReference; lastKnownFileType = sourcecode.swift; path = SKModernistFonts.swift; sourceTree = "<group>"; };
		861B7E6328D4F45400D9E9E9 /* PlayZoneTextField.swift */ = {isa = PBXFileReference; lastKnownFileType = sourcecode.swift; path = PlayZoneTextField.swift; sourceTree = "<group>"; };
		861B7E6528D4F56500D9E9E9 /* String + Ext.swift */ = {isa = PBXFileReference; lastKnownFileType = sourcecode.swift; path = "String + Ext.swift"; sourceTree = "<group>"; };
		861B7E6828D4FF1F00D9E9E9 /* LoginViewController.swift */ = {isa = PBXFileReference; lastKnownFileType = sourcecode.swift; path = LoginViewController.swift; sourceTree = "<group>"; };
		861B7E6B28D4FF4B00D9E9E9 /* LoginView.swift */ = {isa = PBXFileReference; lastKnownFileType = sourcecode.swift; path = LoginView.swift; sourceTree = "<group>"; };
		864B363228D63FBB004DB852 /* Sk-Modernist-Bold.otf */ = {isa = PBXFileReference; lastKnownFileType = file; path = "Sk-Modernist-Bold.otf"; sourceTree = "<group>"; };
		864B363328D63FBC004DB852 /* Sk-Modernist-Regular.otf */ = {isa = PBXFileReference; lastKnownFileType = file; path = "Sk-Modernist-Regular.otf"; sourceTree = "<group>"; };
		864B363428D63FBC004DB852 /* Sk-Modernist-Mono.otf */ = {isa = PBXFileReference; lastKnownFileType = file; path = "Sk-Modernist-Mono.otf"; sourceTree = "<group>"; };
		86616DF028D4CBDC00C66C49 /* UIViewController + Ext.swift */ = {isa = PBXFileReference; lastKnownFileType = sourcecode.swift; path = "UIViewController + Ext.swift"; sourceTree = "<group>"; };
		86616DF428D4CC8200C66C49 /* UIButton + Ext.swift */ = {isa = PBXFileReference; lastKnownFileType = sourcecode.swift; path = "UIButton + Ext.swift"; sourceTree = "<group>"; };
		86616DF628D4CE0700C66C49 /* ReusableView.swift */ = {isa = PBXFileReference; lastKnownFileType = sourcecode.swift; path = ReusableView.swift; sourceTree = "<group>"; };
		86616DF928D4D0E100C66C49 /* OnboardingModel.swift */ = {isa = PBXFileReference; lastKnownFileType = sourcecode.swift; path = OnboardingModel.swift; sourceTree = "<group>"; };
		86616DFB28D4D16600C66C49 /* UIImage + Ext.swift */ = {isa = PBXFileReference; lastKnownFileType = sourcecode.swift; path = "UIImage + Ext.swift"; sourceTree = "<group>"; };
		86616DFF28D4D2B300C66C49 /* OnboardingViewModel.swift */ = {isa = PBXFileReference; lastKnownFileType = sourcecode.swift; path = OnboardingViewModel.swift; sourceTree = "<group>"; };
		86616E0128D4DAD500C66C49 /* UICollectionView + Ext.swift */ = {isa = PBXFileReference; lastKnownFileType = sourcecode.swift; path = "UICollectionView + Ext.swift"; sourceTree = "<group>"; };
		866B0F9F28D60FC50083A1A4 /* GoogleService-Info.plist */ = {isa = PBXFileReference; fileEncoding = 4; lastKnownFileType = text.plist.xml; name = "GoogleService-Info.plist"; path = "../../../Downloads/GoogleService-Info.plist"; sourceTree = "<group>"; };
		866E8F8B28D5A7F10068CED9 /* GoogleButton.swift */ = {isa = PBXFileReference; lastKnownFileType = sourcecode.swift; path = GoogleButton.swift; sourceTree = "<group>"; };
		867510F928D5D14A003861C9 /* UserDefaults + Ext.swift */ = {isa = PBXFileReference; lastKnownFileType = sourcecode.swift; path = "UserDefaults + Ext.swift"; sourceTree = "<group>"; };
		867510FB28D5D2F0003861C9 /* StartBuilder.swift */ = {isa = PBXFileReference; lastKnownFileType = sourcecode.swift; path = StartBuilder.swift; sourceTree = "<group>"; };
		868E15BB28D395E100BAB45A /* PlayZone.app */ = {isa = PBXFileReference; explicitFileType = wrapper.application; includeInIndex = 0; path = PlayZone.app; sourceTree = BUILT_PRODUCTS_DIR; };
		868E15BE28D395E200BAB45A /* AppDelegate.swift */ = {isa = PBXFileReference; lastKnownFileType = sourcecode.swift; path = AppDelegate.swift; sourceTree = "<group>"; };
		868E15C028D395E200BAB45A /* SceneDelegate.swift */ = {isa = PBXFileReference; lastKnownFileType = sourcecode.swift; path = SceneDelegate.swift; sourceTree = "<group>"; };
		868E15C228D395E200BAB45A /* OnboardingViewController.swift */ = {isa = PBXFileReference; lastKnownFileType = sourcecode.swift; path = OnboardingViewController.swift; sourceTree = "<group>"; };
		868E15C728D395E300BAB45A /* Assets.xcassets */ = {isa = PBXFileReference; lastKnownFileType = folder.assetcatalog; path = Assets.xcassets; sourceTree = "<group>"; };
		868E15CA28D395E300BAB45A /* Base */ = {isa = PBXFileReference; lastKnownFileType = file.storyboard; name = Base; path = Base.lproj/LaunchScreen.storyboard; sourceTree = "<group>"; };
		868E15CC28D395E300BAB45A /* Info.plist */ = {isa = PBXFileReference; lastKnownFileType = text.plist.xml; path = Info.plist; sourceTree = "<group>"; };
		869344A128D5E09800DCF535 /* credentials.plist */ = {isa = PBXFileReference; fileEncoding = 4; lastKnownFileType = text.plist.xml; name = credentials.plist; path = ../../../Downloads/credentials.plist; sourceTree = "<group>"; };
		869D7B4928D61500006DF257 /* LoginViewModel.swift */ = {isa = PBXFileReference; lastKnownFileType = sourcecode.swift; path = LoginViewModel.swift; sourceTree = "<group>"; };
		869D7B4D28D61EEE006DF257 /* CreateAccountViewModel.swift */ = {isa = PBXFileReference; lastKnownFileType = sourcecode.swift; path = CreateAccountViewModel.swift; sourceTree = "<group>"; };
		869D7B4F28D6223B006DF257 /* AlertViewController.swift */ = {isa = PBXFileReference; lastKnownFileType = sourcecode.swift; path = AlertViewController.swift; sourceTree = "<group>"; };
		86B27A2B28D454FD003895DA /* MainViewProtocol.swift */ = {isa = PBXFileReference; lastKnownFileType = sourcecode.swift; path = MainViewProtocol.swift; sourceTree = "<group>"; };
		86B27A2E28D455C2003895DA /* BaseView.swift */ = {isa = PBXFileReference; lastKnownFileType = sourcecode.swift; path = BaseView.swift; sourceTree = "<group>"; };
		86B27A3028D45658003895DA /* OnboardingView.swift */ = {isa = PBXFileReference; lastKnownFileType = sourcecode.swift; path = OnboardingView.swift; sourceTree = "<group>"; };
		86B27A3228D4567B003895DA /* UIColor + Ext.swift */ = {isa = PBXFileReference; lastKnownFileType = sourcecode.swift; path = "UIColor + Ext.swift"; sourceTree = "<group>"; };
		86B27A3428D46D97003895DA /* AppColors.swift */ = {isa = PBXFileReference; lastKnownFileType = sourcecode.swift; path = AppColors.swift; sourceTree = "<group>"; };
		86B27A3628D46E96003895DA /* UIView + Ext.swift */ = {isa = PBXFileReference; lastKnownFileType = sourcecode.swift; path = "UIView + Ext.swift"; sourceTree = "<group>"; };
		86B27A3928D46F3B003895DA /* PlayZoneButton.swift */ = {isa = PBXFileReference; lastKnownFileType = sourcecode.swift; path = PlayZoneButton.swift; sourceTree = "<group>"; };
		86B27A3B28D49C39003895DA /* Uzum.swift */ = {isa = PBXFileReference; lastKnownFileType = sourcecode.swift; path = Uzum.swift; sourceTree = "<group>"; };
		86B27A3E28D4A08E003895DA /* OnboardingCollectionViewCell.swift */ = {isa = PBXFileReference; lastKnownFileType = sourcecode.swift; path = OnboardingCollectionViewCell.swift; sourceTree = "<group>"; };
		86B27A4028D4A349003895DA /* DefaultImageView.swift */ = {isa = PBXFileReference; lastKnownFileType = sourcecode.swift; path = DefaultImageView.swift; sourceTree = "<group>"; };
		86B27A4228D4A5EB003895DA /* Label.swift */ = {isa = PBXFileReference; lastKnownFileType = sourcecode.swift; path = Label.swift; sourceTree = "<group>"; };
		86B27A4428D4A78B003895DA /* LoadingViewProtocol.swift */ = {isa = PBXFileReference; lastKnownFileType = sourcecode.swift; path = LoadingViewProtocol.swift; sourceTree = "<group>"; };
		86BCB8AA28D62ABD00C3CD3C /* ForgetPasswordViewModel.swift */ = {isa = PBXFileReference; lastKnownFileType = sourcecode.swift; path = ForgetPasswordViewModel.swift; sourceTree = "<group>"; };
		9AB5D50881EA11DDBF97EEB7 /* Pods_PlayZone.framework */ = {isa = PBXFileReference; explicitFileType = wrapper.framework; includeInIndex = 0; path = Pods_PlayZone.framework; sourceTree = BUILT_PRODUCTS_DIR; };
		F98810FDF416BEBED72A5E1E /* Pods-PlayZone.release.xcconfig */ = {isa = PBXFileReference; includeInIndex = 1; lastKnownFileType = text.xcconfig; name = "Pods-PlayZone.release.xcconfig"; path = "Target Support Files/Pods-PlayZone/Pods-PlayZone.release.xcconfig"; sourceTree = "<group>"; };
/* End PBXFileReference section */

/* Begin PBXFrameworksBuildPhase section */
		868E15B828D395E100BAB45A /* Frameworks */ = {
			isa = PBXFrameworksBuildPhase;
			buildActionMask = 2147483647;
			files = (
				27A08929F3C2D248731CBA0D /* Pods_PlayZone.framework in Frameworks */,
			);
			runOnlyForDeploymentPostprocessing = 0;
		};
/* End PBXFrameworksBuildPhase section */

/* Begin PBXGroup section */
		3187A7278712D8CD86AC450E /* Pods */ = {
			isa = PBXGroup;
			children = (
				1B9193AD08600BF9686A59FD /* Pods-PlayZone.debug.xcconfig */,
				F98810FDF416BEBED72A5E1E /* Pods-PlayZone.release.xcconfig */,
			);
			path = Pods;
			sourceTree = "<group>";
		};
		8603995E28D5C41F00AF1096 /* AccountCreat */ = {
			isa = PBXGroup;
			children = (
				8603996228D5C46500AF1096 /* Model */,
				8603996328D5C46900AF1096 /* Views */,
				8603996428D5C46E00AF1096 /* ViewModel */,
				8603996128D5C45F00AF1096 /* Controller */,
			);
			path = AccountCreat;
			sourceTree = "<group>";
		};
		8603996128D5C45F00AF1096 /* Controller */ = {
			isa = PBXGroup;
			children = (
				8603995F28D5C44400AF1096 /* CreateAccountViewController.swift */,
			);
			path = Controller;
			sourceTree = "<group>";
		};
		8603996228D5C46500AF1096 /* Model */ = {
			isa = PBXGroup;
			children = (
			);
			path = Model;
			sourceTree = "<group>";
		};
		8603996328D5C46900AF1096 /* Views */ = {
			isa = PBXGroup;
			children = (
				8603996528D5C48900AF1096 /* CreateAccountView.swift */,
			);
			path = Views;
			sourceTree = "<group>";
		};
		8603996428D5C46E00AF1096 /* ViewModel */ = {
			isa = PBXGroup;
			children = (
				869D7B4D28D61EEE006DF257 /* CreateAccountViewModel.swift */,
			);
			path = ViewModel;
			sourceTree = "<group>";
		};
		8604E91028D5EDEA00C53228 /* Forget Password */ = {
			isa = PBXGroup;
			children = (
				8604E91928D5EF1900C53228 /* Model */,
				8604E91828D5EF1200C53228 /* ViewModel */,
				8604E91728D5EF0B00C53228 /* Controller */,
				8604E91528D5EEF000C53228 /* Views */,
			);
			path = "Forget Password";
			sourceTree = "<group>";
		};
		8604E91528D5EEF000C53228 /* Views */ = {
			isa = PBXGroup;
			children = (
				8604E91128D5EE2D00C53228 /* ForgetPasswordView.swift */,
			);
			path = Views;
			sourceTree = "<group>";
		};
		8604E91728D5EF0B00C53228 /* Controller */ = {
			isa = PBXGroup;
			children = (
				8604E91328D5EE4400C53228 /* ForgetPasswordViewController.swift */,
			);
			path = Controller;
			sourceTree = "<group>";
		};
		8604E91828D5EF1200C53228 /* ViewModel */ = {
			isa = PBXGroup;
			children = (
				86BCB8AA28D62ABD00C3CD3C /* ForgetPasswordViewModel.swift */,
			);
			path = ViewModel;
			sourceTree = "<group>";
		};
		8604E91928D5EF1900C53228 /* Model */ = {
			isa = PBXGroup;
			children = (
			);
			path = Model;
			sourceTree = "<group>";
		};
		8604E91A28D5F37900C53228 /* MainScreens */ = {
			isa = PBXGroup;
			children = (
				8604E91B28D5F38F00C53228 /* ChooseCategories */,
			);
			path = MainScreens;
			sourceTree = "<group>";
		};
		8604E91B28D5F38F00C53228 /* ChooseCategories */ = {
			isa = PBXGroup;
			children = (
				8604E91D28D5F3A000C53228 /* Views */,
				8604E91C28D5F39A00C53228 /* Controller */,
			);
			path = ChooseCategories;
			sourceTree = "<group>";
		};
		8604E91C28D5F39A00C53228 /* Controller */ = {
			isa = PBXGroup;
			children = (
				8604E92028D5F3E400C53228 /* ChooseCategoriesViewController.swift */,
			);
			path = Controller;
			sourceTree = "<group>";
		};
		8604E91D28D5F3A000C53228 /* Views */ = {
			isa = PBXGroup;
			children = (
				8604E92228D5F40200C53228 /* ChooseCategoriesView.swift */,
			);
			path = Views;
			sourceTree = "<group>";
		};
		861B7E6728D4FEE200D9E9E9 /* Authorization */ = {
			isa = PBXGroup;
			children = (
				8604E91028D5EDEA00C53228 /* Forget Password */,
				8603995E28D5C41F00AF1096 /* AccountCreat */,
				866E8F8928D59E7A0068CED9 /* Login */,
			);
			path = Authorization;
			sourceTree = "<group>";
		};
		861B7E6A28D4FF3D00D9E9E9 /* Views */ = {
			isa = PBXGroup;
			children = (
				861B7E6B28D4FF4B00D9E9E9 /* LoginView.swift */,
			);
			path = Views;
			sourceTree = "<group>";
		};
		861B7E6D28D4FF6B00D9E9E9 /* LoginController */ = {
			isa = PBXGroup;
			children = (
				861B7E6828D4FF1F00D9E9E9 /* LoginViewController.swift */,
			);
			path = LoginController;
			sourceTree = "<group>";
		};
		86616DF228D4CC0000C66C49 /* Utilits */ = {
			isa = PBXGroup;
			children = (
				86B27A2E28D455C2003895DA /* BaseView.swift */,
				86B27A2B28D454FD003895DA /* MainViewProtocol.swift */,
				86B27A3428D46D97003895DA /* AppColors.swift */,
				86B27A3B28D49C39003895DA /* Uzum.swift */,
				86B27A4428D4A78B003895DA /* LoadingViewProtocol.swift */,
				86616DF628D4CE0700C66C49 /* ReusableView.swift */,
				861B7E6128D4F19D00D9E9E9 /* SKModernistFonts.swift */,
				869D7B4F28D6223B006DF257 /* AlertViewController.swift */,
			);
			path = Utilits;
			sourceTree = "<group>";
		};
		86616DF828D4D0D800C66C49 /* Model */ = {
			isa = PBXGroup;
			children = (
				86616DF928D4D0E100C66C49 /* OnboardingModel.swift */,
			);
			path = Model;
			sourceTree = "<group>";
		};
		86616DFE28D4D29A00C66C49 /* ViewModel */ = {
			isa = PBXGroup;
			children = (
				86616DFF28D4D2B300C66C49 /* OnboardingViewModel.swift */,
			);
			path = ViewModel;
			sourceTree = "<group>";
		};
		866E8F8928D59E7A0068CED9 /* Login */ = {
			isa = PBXGroup;
			children = (
				866E8F8A28D59EA90068CED9 /* ViewModel */,
				861B7E6A28D4FF3D00D9E9E9 /* Views */,
				861B7E6D28D4FF6B00D9E9E9 /* LoginController */,
			);
			path = Login;
			sourceTree = "<group>";
		};
		866E8F8A28D59EA90068CED9 /* ViewModel */ = {
			isa = PBXGroup;
			children = (
				869D7B4928D61500006DF257 /* LoginViewModel.swift */,
			);
			path = ViewModel;
			sourceTree = "<group>";
		};
		868E15B228D395E100BAB45A = {
			isa = PBXGroup;
			children = (
				868E15BD28D395E200BAB45A /* PlayZone */,
				868E15BC28D395E200BAB45A /* Products */,
				3187A7278712D8CD86AC450E /* Pods */,
				F1943168A81A4B2EECCCFAB7 /* Frameworks */,
			);
			sourceTree = "<group>";
		};
		868E15BC28D395E200BAB45A /* Products */ = {
			isa = PBXGroup;
			children = (
				868E15BB28D395E100BAB45A /* PlayZone.app */,
			);
			name = Products;
			sourceTree = "<group>";
		};
		868E15BD28D395E200BAB45A /* PlayZone */ = {
			isa = PBXGroup;
			children = (
				86B27A2628D440CE003895DA /* App & Scene Delegate */,
				8604E91A28D5F37900C53228 /* MainScreens */,
				861B7E6728D4FEE200D9E9E9 /* Authorization */,
				86B27A2928D453D7003895DA /* Onboarding */,
				86616DF228D4CC0000C66C49 /* Utilits */,
				86B27A3828D46F27003895DA /* CustomViews */,
				86B27A2A28D454EB003895DA /* Extensions */,
				86B27A2728D440E8003895DA /* Resources */,
				868E15CC28D395E300BAB45A /* Info.plist */,
				869344A128D5E09800DCF535 /* credentials.plist */,
				866B0F9F28D60FC50083A1A4 /* GoogleService-Info.plist */,
			);
			path = PlayZone;
			sourceTree = "<group>";
		};
		86B27A2628D440CE003895DA /* App & Scene Delegate */ = {
			isa = PBXGroup;
			children = (
				868E15BE28D395E200BAB45A /* AppDelegate.swift */,
				868E15C028D395E200BAB45A /* SceneDelegate.swift */,
				867510FB28D5D2F0003861C9 /* StartBuilder.swift */,
			);
			path = "App & Scene Delegate";
			sourceTree = "<group>";
		};
		86B27A2728D440E8003895DA /* Resources */ = {
			isa = PBXGroup;
			children = (
				86B27A4628D4A934003895DA /* Fonts */,
				868E15C728D395E300BAB45A /* Assets.xcassets */,
				868E15C928D395E300BAB45A /* LaunchScreen.storyboard */,
			);
			path = Resources;
			sourceTree = "<group>";
		};
		86B27A2928D453D7003895DA /* Onboarding */ = {
			isa = PBXGroup;
			children = (
				86616DF828D4D0D800C66C49 /* Model */,
				86616DFE28D4D29A00C66C49 /* ViewModel */,
				86B27A3D28D49F10003895DA /* OnboardingController */,
				86B27A2D28D45586003895DA /* Views */,
			);
			path = Onboarding;
			sourceTree = "<group>";
		};
		86B27A2A28D454EB003895DA /* Extensions */ = {
			isa = PBXGroup;
			children = (
				86B27A3228D4567B003895DA /* UIColor + Ext.swift */,
				86B27A3628D46E96003895DA /* UIView + Ext.swift */,
				86616DF028D4CBDC00C66C49 /* UIViewController + Ext.swift */,
				86616DF428D4CC8200C66C49 /* UIButton + Ext.swift */,
				86616DFB28D4D16600C66C49 /* UIImage + Ext.swift */,
				86616E0128D4DAD500C66C49 /* UICollectionView + Ext.swift */,
				861B7E6528D4F56500D9E9E9 /* String + Ext.swift */,
				8603995C28D5BC8700AF1096 /* NSMutableAttributedString + Ext.swift */,
				8603996728D5CC1E00AF1096 /* UINavigationController + Ext.swift */,
				867510F928D5D14A003861C9 /* UserDefaults + Ext.swift */,
			);
			path = Extensions;
			sourceTree = "<group>";
		};
		86B27A2D28D45586003895DA /* Views */ = {
			isa = PBXGroup;
			children = (
				86B27A3028D45658003895DA /* OnboardingView.swift */,
				86B27A3E28D4A08E003895DA /* OnboardingCollectionViewCell.swift */,
			);
			path = Views;
			sourceTree = "<group>";
		};
		86B27A3828D46F27003895DA /* CustomViews */ = {
			isa = PBXGroup;
			children = (
				86B27A3928D46F3B003895DA /* PlayZoneButton.swift */,
				86B27A4028D4A349003895DA /* DefaultImageView.swift */,
				86B27A4228D4A5EB003895DA /* Label.swift */,
				861B7E6328D4F45400D9E9E9 /* PlayZoneTextField.swift */,
				866E8F8B28D5A7F10068CED9 /* GoogleButton.swift */,
			);
			path = CustomViews;
			sourceTree = "<group>";
		};
		86B27A3D28D49F10003895DA /* OnboardingController */ = {
			isa = PBXGroup;
			children = (
				868E15C228D395E200BAB45A /* OnboardingViewController.swift */,
			);
			path = OnboardingController;
			sourceTree = "<group>";
		};
		86B27A4628D4A934003895DA /* Fonts */ = {
			isa = PBXGroup;
			children = (
				864B363228D63FBB004DB852 /* Sk-Modernist-Bold.otf */,
				864B363428D63FBC004DB852 /* Sk-Modernist-Mono.otf */,
				864B363328D63FBC004DB852 /* Sk-Modernist-Regular.otf */,
			);
			path = Fonts;
			sourceTree = "<group>";
		};
		F1943168A81A4B2EECCCFAB7 /* Frameworks */ = {
			isa = PBXGroup;
			children = (
				9AB5D50881EA11DDBF97EEB7 /* Pods_PlayZone.framework */,
			);
			name = Frameworks;
			sourceTree = "<group>";
		};
/* End PBXGroup section */

/* Begin PBXNativeTarget section */
		868E15BA28D395E100BAB45A /* PlayZone */ = {
			isa = PBXNativeTarget;
			buildConfigurationList = 868E15CF28D395E300BAB45A /* Build configuration list for PBXNativeTarget "PlayZone" */;
			buildPhases = (
				E8AA297BF1DC367DDF72FD87 /* [CP] Check Pods Manifest.lock */,
				868E15B728D395E100BAB45A /* Sources */,
				868E15B828D395E100BAB45A /* Frameworks */,
				868E15B928D395E100BAB45A /* Resources */,
				BFBAF9A322B6A0020CBB6C3F /* [CP] Embed Pods Frameworks */,
			);
			buildRules = (
			);
			dependencies = (
			);
			name = PlayZone;
			productName = PlayZone;
			productReference = 868E15BB28D395E100BAB45A /* PlayZone.app */;
			productType = "com.apple.product-type.application";
		};
/* End PBXNativeTarget section */

/* Begin PBXProject section */
		868E15B328D395E100BAB45A /* Project object */ = {
			isa = PBXProject;
			attributes = {
				BuildIndependentTargetsInParallel = 1;
				LastSwiftUpdateCheck = 1340;
				LastUpgradeCheck = 1340;
				TargetAttributes = {
					868E15BA28D395E100BAB45A = {
						CreatedOnToolsVersion = 13.4.1;
					};
				};
			};
			buildConfigurationList = 868E15B628D395E100BAB45A /* Build configuration list for PBXProject "PlayZone" */;
			compatibilityVersion = "Xcode 13.0";
			developmentRegion = en;
			hasScannedForEncodings = 0;
			knownRegions = (
				en,
				Base,
			);
			mainGroup = 868E15B228D395E100BAB45A;
			productRefGroup = 868E15BC28D395E200BAB45A /* Products */;
			projectDirPath = "";
			projectRoot = "";
			targets = (
				868E15BA28D395E100BAB45A /* PlayZone */,
			);
		};
/* End PBXProject section */

/* Begin PBXResourcesBuildPhase section */
		868E15B928D395E100BAB45A /* Resources */ = {
			isa = PBXResourcesBuildPhase;
			buildActionMask = 2147483647;
			files = (
				86DB321B28D642C900E6D7E6 /* Sk-Modernist-Regular.otf in Resources */,
				869344A228D5E09800DCF535 /* credentials.plist in Resources */,
				868E15CB28D395E300BAB45A /* LaunchScreen.storyboard in Resources */,
				868E15C828D395E300BAB45A /* Assets.xcassets in Resources */,
				86DB321A28D642C900E6D7E6 /* Sk-Modernist-Mono.otf in Resources */,
				86DB321C28D642C900E6D7E6 /* Sk-Modernist-Bold.otf in Resources */,
				866B0FA028D60FC50083A1A4 /* GoogleService-Info.plist in Resources */,
			);
			runOnlyForDeploymentPostprocessing = 0;
		};
/* End PBXResourcesBuildPhase section */

/* Begin PBXShellScriptBuildPhase section */
		BFBAF9A322B6A0020CBB6C3F /* [CP] Embed Pods Frameworks */ = {
			isa = PBXShellScriptBuildPhase;
			buildActionMask = 2147483647;
			files = (
			);
			inputFileListPaths = (
				"${PODS_ROOT}/Target Support Files/Pods-PlayZone/Pods-PlayZone-frameworks-${CONFIGURATION}-input-files.xcfilelist",
			);
			name = "[CP] Embed Pods Frameworks";
			outputFileListPaths = (
				"${PODS_ROOT}/Target Support Files/Pods-PlayZone/Pods-PlayZone-frameworks-${CONFIGURATION}-output-files.xcfilelist",
			);
			runOnlyForDeploymentPostprocessing = 0;
			shellPath = /bin/sh;
			shellScript = "\"${PODS_ROOT}/Target Support Files/Pods-PlayZone/Pods-PlayZone-frameworks.sh\"\n";
			showEnvVarsInLog = 0;
		};
		E8AA297BF1DC367DDF72FD87 /* [CP] Check Pods Manifest.lock */ = {
			isa = PBXShellScriptBuildPhase;
			buildActionMask = 2147483647;
			files = (
			);
			inputFileListPaths = (
			);
			inputPaths = (
				"${PODS_PODFILE_DIR_PATH}/Podfile.lock",
				"${PODS_ROOT}/Manifest.lock",
			);
			name = "[CP] Check Pods Manifest.lock";
			outputFileListPaths = (
			);
			outputPaths = (
				"$(DERIVED_FILE_DIR)/Pods-PlayZone-checkManifestLockResult.txt",
			);
			runOnlyForDeploymentPostprocessing = 0;
			shellPath = /bin/sh;
			shellScript = "diff \"${PODS_PODFILE_DIR_PATH}/Podfile.lock\" \"${PODS_ROOT}/Manifest.lock\" > /dev/null\nif [ $? != 0 ] ; then\n    # print error to STDERR\n    echo \"error: The sandbox is not in sync with the Podfile.lock. Run 'pod install' or update your CocoaPods installation.\" >&2\n    exit 1\nfi\n# This output is used by Xcode 'outputs' to avoid re-running this script phase.\necho \"SUCCESS\" > \"${SCRIPT_OUTPUT_FILE_0}\"\n";
			showEnvVarsInLog = 0;
		};
/* End PBXShellScriptBuildPhase section */

/* Begin PBXSourcesBuildPhase section */
		868E15B728D395E100BAB45A /* Sources */ = {
			isa = PBXSourcesBuildPhase;
			buildActionMask = 2147483647;
			files = (
				867510FC28D5D2F0003861C9 /* StartBuilder.swift in Sources */,
				8603996028D5C44400AF1096 /* CreateAccountViewController.swift in Sources */,
				8603995D28D5BC8700AF1096 /* NSMutableAttributedString + Ext.swift in Sources */,
				86616DF528D4CC8200C66C49 /* UIButton + Ext.swift in Sources */,
				867510FA28D5D14A003861C9 /* UserDefaults + Ext.swift in Sources */,
				868E15C328D395E200BAB45A /* OnboardingViewController.swift in Sources */,
				868E15BF28D395E200BAB45A /* AppDelegate.swift in Sources */,
				86B27A3C28D49C39003895DA /* Uzum.swift in Sources */,
				869D7B4A28D61500006DF257 /* LoginViewModel.swift in Sources */,
				86B27A3728D46E96003895DA /* UIView + Ext.swift in Sources */,
				86BCB8AB28D62ABD00C3CD3C /* ForgetPasswordViewModel.swift in Sources */,
				861B7E6428D4F45400D9E9E9 /* PlayZoneTextField.swift in Sources */,
				8604E91228D5EE2D00C53228 /* ForgetPasswordView.swift in Sources */,
				86B27A3328D4567B003895DA /* UIColor + Ext.swift in Sources */,
				86B27A3528D46D97003895DA /* AppColors.swift in Sources */,
				8603996628D5C48900AF1096 /* CreateAccountView.swift in Sources */,
				86616DFA28D4D0E100C66C49 /* OnboardingModel.swift in Sources */,
				86616E0228D4DAD500C66C49 /* UICollectionView + Ext.swift in Sources */,
				86B27A2F28D455C2003895DA /* BaseView.swift in Sources */,
				8604E92328D5F40200C53228 /* ChooseCategoriesView.swift in Sources */,
				86B27A4528D4A78B003895DA /* LoadingViewProtocol.swift in Sources */,
				861B7E6628D4F56500D9E9E9 /* String + Ext.swift in Sources */,
				86616DF728D4CE0700C66C49 /* ReusableView.swift in Sources */,
				86B27A4128D4A349003895DA /* DefaultImageView.swift in Sources */,
				86B27A3128D45658003895DA /* OnboardingView.swift in Sources */,
				8604E91428D5EE4400C53228 /* ForgetPasswordViewController.swift in Sources */,
				86B27A3A28D46F3B003895DA /* PlayZoneButton.swift in Sources */,
				868E15C128D395E200BAB45A /* SceneDelegate.swift in Sources */,
				866E8F8C28D5A7F10068CED9 /* GoogleButton.swift in Sources */,
				8604E92128D5F3E400C53228 /* ChooseCategoriesViewController.swift in Sources */,
				86616DFC28D4D16600C66C49 /* UIImage + Ext.swift in Sources */,
				8603996828D5CC1E00AF1096 /* UINavigationController + Ext.swift in Sources */,
				86B27A2C28D454FD003895DA /* MainViewProtocol.swift in Sources */,
				869D7B5028D6223B006DF257 /* AlertViewController.swift in Sources */,
				861B7E6228D4F19D00D9E9E9 /* SKModernistFonts.swift in Sources */,
				861B7E6C28D4FF4B00D9E9E9 /* LoginView.swift in Sources */,
				86B27A4328D4A5EB003895DA /* Label.swift in Sources */,
				86616DF128D4CBDC00C66C49 /* UIViewController + Ext.swift in Sources */,
				869D7B4E28D61EEE006DF257 /* CreateAccountViewModel.swift in Sources */,
				86616E0028D4D2B300C66C49 /* OnboardingViewModel.swift in Sources */,
				861B7E6928D4FF1F00D9E9E9 /* LoginViewController.swift in Sources */,
				86B27A3F28D4A08E003895DA /* OnboardingCollectionViewCell.swift in Sources */,
			);
			runOnlyForDeploymentPostprocessing = 0;
		};
/* End PBXSourcesBuildPhase section */

/* Begin PBXVariantGroup section */
		868E15C928D395E300BAB45A /* LaunchScreen.storyboard */ = {
			isa = PBXVariantGroup;
			children = (
				868E15CA28D395E300BAB45A /* Base */,
			);
			name = LaunchScreen.storyboard;
			sourceTree = "<group>";
		};
/* End PBXVariantGroup section */

/* Begin XCBuildConfiguration section */
		868E15CD28D395E300BAB45A /* Debug */ = {
			isa = XCBuildConfiguration;
			buildSettings = {
				ALWAYS_SEARCH_USER_PATHS = NO;
				CLANG_ANALYZER_NONNULL = YES;
				CLANG_ANALYZER_NUMBER_OBJECT_CONVERSION = YES_AGGRESSIVE;
				CLANG_CXX_LANGUAGE_STANDARD = "gnu++17";
				CLANG_ENABLE_MODULES = YES;
				CLANG_ENABLE_OBJC_ARC = YES;
				CLANG_ENABLE_OBJC_WEAK = YES;
				CLANG_WARN_BLOCK_CAPTURE_AUTORELEASING = YES;
				CLANG_WARN_BOOL_CONVERSION = YES;
				CLANG_WARN_COMMA = YES;
				CLANG_WARN_CONSTANT_CONVERSION = YES;
				CLANG_WARN_DEPRECATED_OBJC_IMPLEMENTATIONS = YES;
				CLANG_WARN_DIRECT_OBJC_ISA_USAGE = YES_ERROR;
				CLANG_WARN_DOCUMENTATION_COMMENTS = YES;
				CLANG_WARN_EMPTY_BODY = YES;
				CLANG_WARN_ENUM_CONVERSION = YES;
				CLANG_WARN_INFINITE_RECURSION = YES;
				CLANG_WARN_INT_CONVERSION = YES;
				CLANG_WARN_NON_LITERAL_NULL_CONVERSION = YES;
				CLANG_WARN_OBJC_IMPLICIT_RETAIN_SELF = YES;
				CLANG_WARN_OBJC_LITERAL_CONVERSION = YES;
				CLANG_WARN_OBJC_ROOT_CLASS = YES_ERROR;
				CLANG_WARN_QUOTED_INCLUDE_IN_FRAMEWORK_HEADER = YES;
				CLANG_WARN_RANGE_LOOP_ANALYSIS = YES;
				CLANG_WARN_STRICT_PROTOTYPES = YES;
				CLANG_WARN_SUSPICIOUS_MOVE = YES;
				CLANG_WARN_UNGUARDED_AVAILABILITY = YES_AGGRESSIVE;
				CLANG_WARN_UNREACHABLE_CODE = YES;
				CLANG_WARN__DUPLICATE_METHOD_MATCH = YES;
				COPY_PHASE_STRIP = NO;
				DEBUG_INFORMATION_FORMAT = dwarf;
				ENABLE_STRICT_OBJC_MSGSEND = YES;
				ENABLE_TESTABILITY = YES;
				GCC_C_LANGUAGE_STANDARD = gnu11;
				GCC_DYNAMIC_NO_PIC = NO;
				GCC_NO_COMMON_BLOCKS = YES;
				GCC_OPTIMIZATION_LEVEL = 0;
				GCC_PREPROCESSOR_DEFINITIONS = (
					"DEBUG=1",
					"$(inherited)",
				);
				GCC_WARN_64_TO_32_BIT_CONVERSION = YES;
				GCC_WARN_ABOUT_RETURN_TYPE = YES_ERROR;
				GCC_WARN_UNDECLARED_SELECTOR = YES;
				GCC_WARN_UNINITIALIZED_AUTOS = YES_AGGRESSIVE;
				GCC_WARN_UNUSED_FUNCTION = YES;
				GCC_WARN_UNUSED_VARIABLE = YES;
				IPHONEOS_DEPLOYMENT_TARGET = 15.5;
				MTL_ENABLE_DEBUG_INFO = INCLUDE_SOURCE;
				MTL_FAST_MATH = YES;
				ONLY_ACTIVE_ARCH = YES;
				SDKROOT = iphoneos;
				SWIFT_ACTIVE_COMPILATION_CONDITIONS = DEBUG;
				SWIFT_OPTIMIZATION_LEVEL = "-Onone";
			};
			name = Debug;
		};
		868E15CE28D395E300BAB45A /* Release */ = {
			isa = XCBuildConfiguration;
			buildSettings = {
				ALWAYS_SEARCH_USER_PATHS = NO;
				CLANG_ANALYZER_NONNULL = YES;
				CLANG_ANALYZER_NUMBER_OBJECT_CONVERSION = YES_AGGRESSIVE;
				CLANG_CXX_LANGUAGE_STANDARD = "gnu++17";
				CLANG_ENABLE_MODULES = YES;
				CLANG_ENABLE_OBJC_ARC = YES;
				CLANG_ENABLE_OBJC_WEAK = YES;
				CLANG_WARN_BLOCK_CAPTURE_AUTORELEASING = YES;
				CLANG_WARN_BOOL_CONVERSION = YES;
				CLANG_WARN_COMMA = YES;
				CLANG_WARN_CONSTANT_CONVERSION = YES;
				CLANG_WARN_DEPRECATED_OBJC_IMPLEMENTATIONS = YES;
				CLANG_WARN_DIRECT_OBJC_ISA_USAGE = YES_ERROR;
				CLANG_WARN_DOCUMENTATION_COMMENTS = YES;
				CLANG_WARN_EMPTY_BODY = YES;
				CLANG_WARN_ENUM_CONVERSION = YES;
				CLANG_WARN_INFINITE_RECURSION = YES;
				CLANG_WARN_INT_CONVERSION = YES;
				CLANG_WARN_NON_LITERAL_NULL_CONVERSION = YES;
				CLANG_WARN_OBJC_IMPLICIT_RETAIN_SELF = YES;
				CLANG_WARN_OBJC_LITERAL_CONVERSION = YES;
				CLANG_WARN_OBJC_ROOT_CLASS = YES_ERROR;
				CLANG_WARN_QUOTED_INCLUDE_IN_FRAMEWORK_HEADER = YES;
				CLANG_WARN_RANGE_LOOP_ANALYSIS = YES;
				CLANG_WARN_STRICT_PROTOTYPES = YES;
				CLANG_WARN_SUSPICIOUS_MOVE = YES;
				CLANG_WARN_UNGUARDED_AVAILABILITY = YES_AGGRESSIVE;
				CLANG_WARN_UNREACHABLE_CODE = YES;
				CLANG_WARN__DUPLICATE_METHOD_MATCH = YES;
				COPY_PHASE_STRIP = NO;
				DEBUG_INFORMATION_FORMAT = "dwarf-with-dsym";
				ENABLE_NS_ASSERTIONS = NO;
				ENABLE_STRICT_OBJC_MSGSEND = YES;
				GCC_C_LANGUAGE_STANDARD = gnu11;
				GCC_NO_COMMON_BLOCKS = YES;
				GCC_WARN_64_TO_32_BIT_CONVERSION = YES;
				GCC_WARN_ABOUT_RETURN_TYPE = YES_ERROR;
				GCC_WARN_UNDECLARED_SELECTOR = YES;
				GCC_WARN_UNINITIALIZED_AUTOS = YES_AGGRESSIVE;
				GCC_WARN_UNUSED_FUNCTION = YES;
				GCC_WARN_UNUSED_VARIABLE = YES;
				IPHONEOS_DEPLOYMENT_TARGET = 15.5;
				MTL_ENABLE_DEBUG_INFO = NO;
				MTL_FAST_MATH = YES;
				SDKROOT = iphoneos;
				SWIFT_COMPILATION_MODE = wholemodule;
				SWIFT_OPTIMIZATION_LEVEL = "-O";
				VALIDATE_PRODUCT = YES;
			};
			name = Release;
		};
		868E15D028D395E300BAB45A /* Debug */ = {
			isa = XCBuildConfiguration;
			baseConfigurationReference = 1B9193AD08600BF9686A59FD /* Pods-PlayZone.debug.xcconfig */;
			buildSettings = {
				ASSETCATALOG_COMPILER_APPICON_NAME = AppIcon;
				ASSETCATALOG_COMPILER_GLOBAL_ACCENT_COLOR_NAME = AccentColor;
				CODE_SIGN_STYLE = Automatic;
				CURRENT_PROJECT_VERSION = 1;
				DEVELOPMENT_TEAM = 9885HKWH74;
				GENERATE_INFOPLIST_FILE = YES;
				INFOPLIST_FILE = PlayZone/Info.plist;
				INFOPLIST_KEY_UIApplicationSupportsIndirectInputEvents = YES;
				INFOPLIST_KEY_UILaunchStoryboardName = LaunchScreen;
				INFOPLIST_KEY_UISupportedInterfaceOrientations = UIInterfaceOrientationPortrait;
				INFOPLIST_KEY_UISupportedInterfaceOrientations_iPad = "UIInterfaceOrientationPortrait UIInterfaceOrientationPortraitUpsideDown UIInterfaceOrientationLandscapeLeft UIInterfaceOrientationLandscapeRight";
				INFOPLIST_KEY_UISupportedInterfaceOrientations_iPhone = "UIInterfaceOrientationPortrait UIInterfaceOrientationLandscapeLeft UIInterfaceOrientationLandscapeRight";
				IPHONEOS_DEPLOYMENT_TARGET = 13.0;
				LD_RUNPATH_SEARCH_PATHS = (
					"$(inherited)",
					"@executable_path/Frameworks",
				);
				MARKETING_VERSION = 1.0;
				PRODUCT_BUNDLE_IDENTIFIER = PlayZone.PlayZone;
				PRODUCT_NAME = "$(TARGET_NAME)";
				SWIFT_EMIT_LOC_STRINGS = YES;
				SWIFT_VERSION = 5.0;
				TARGETED_DEVICE_FAMILY = 1;
			};
			name = Debug;
		};
		868E15D128D395E300BAB45A /* Release */ = {
			isa = XCBuildConfiguration;
			baseConfigurationReference = F98810FDF416BEBED72A5E1E /* Pods-PlayZone.release.xcconfig */;
			buildSettings = {
				ASSETCATALOG_COMPILER_APPICON_NAME = AppIcon;
				ASSETCATALOG_COMPILER_GLOBAL_ACCENT_COLOR_NAME = AccentColor;
				CODE_SIGN_STYLE = Automatic;
				CURRENT_PROJECT_VERSION = 1;
				DEVELOPMENT_TEAM = 9885HKWH74;
				GENERATE_INFOPLIST_FILE = YES;
				INFOPLIST_FILE = PlayZone/Info.plist;
				INFOPLIST_KEY_UIApplicationSupportsIndirectInputEvents = YES;
				INFOPLIST_KEY_UILaunchStoryboardName = LaunchScreen;
				INFOPLIST_KEY_UISupportedInterfaceOrientations = UIInterfaceOrientationPortrait;
				INFOPLIST_KEY_UISupportedInterfaceOrientations_iPad = "UIInterfaceOrientationPortrait UIInterfaceOrientationPortraitUpsideDown UIInterfaceOrientationLandscapeLeft UIInterfaceOrientationLandscapeRight";
				INFOPLIST_KEY_UISupportedInterfaceOrientations_iPhone = "UIInterfaceOrientationPortrait UIInterfaceOrientationLandscapeLeft UIInterfaceOrientationLandscapeRight";
				IPHONEOS_DEPLOYMENT_TARGET = 13.0;
				LD_RUNPATH_SEARCH_PATHS = (
					"$(inherited)",
					"@executable_path/Frameworks",
				);
				MARKETING_VERSION = 1.0;
				PRODUCT_BUNDLE_IDENTIFIER = PlayZone.PlayZone;
				PRODUCT_NAME = "$(TARGET_NAME)";
				SWIFT_EMIT_LOC_STRINGS = YES;
				SWIFT_VERSION = 5.0;
				TARGETED_DEVICE_FAMILY = 1;
			};
			name = Release;
		};
/* End XCBuildConfiguration section */

/* Begin XCConfigurationList section */
		868E15B628D395E100BAB45A /* Build configuration list for PBXProject "PlayZone" */ = {
			isa = XCConfigurationList;
			buildConfigurations = (
				868E15CD28D395E300BAB45A /* Debug */,
				868E15CE28D395E300BAB45A /* Release */,
			);
			defaultConfigurationIsVisible = 0;
			defaultConfigurationName = Release;
		};
		868E15CF28D395E300BAB45A /* Build configuration list for PBXNativeTarget "PlayZone" */ = {
			isa = XCConfigurationList;
			buildConfigurations = (
				868E15D028D395E300BAB45A /* Debug */,
				868E15D128D395E300BAB45A /* Release */,
			);
			defaultConfigurationIsVisible = 0;
			defaultConfigurationName = Release;
		};
/* End XCConfigurationList section */
	};
	rootObject = 868E15B328D395E100BAB45A /* Project object */;
}
